<?xml version="1.0" encoding="utf-8"?>
<Project ToolsVersion="4.0" xmlns="http://schemas.microsoft.com/developer/msbuild/2003">
  <ItemGroup>
    <Filter Include="Source Files">
      <UniqueIdentifier>{4FC737F1-C7A5-4376-A066-2A32D752A2FF}</UniqueIdentifier>
      <Extensions>cpp;c;cc;cxx;def;odl;idl;hpj;bat;asm;asmx</Extensions>
    </Filter>
    <Filter Include="Header Files">
      <UniqueIdentifier>{93995380-89BD-4b04-88EB-625FBE52EBFB}</UniqueIdentifier>
      <Extensions>h;hh;hpp;hxx;hm;inl;inc;xsd</Extensions>
    </Filter>
    <Filter Include="Resource Files">
      <UniqueIdentifier>{67DA6AB6-F800-4c08-8B7A-83BB121AAD01}</UniqueIdentifier>
      <Extensions>rc;ico;cur;bmp;dlg;rc2;rct;bin;rgs;gif;jpg;jpeg;jpe;resx;tiff;tif;png;wav</Extensions>
    </Filter>
  </ItemGroup>
  <ItemGroup>
    <ClCompile Include="src\kernel\operatingsystem\fmu_file.cc">
      <Filter>Source Files</Filter>
    </ClCompile>
    <ClCompile Include="src\kernel\operatingsystem\libarchive_unzipper.cc">
      <Filter>Source Files</Filter>
    </ClCompile>
    <ClCompile Include="src\modeldescription\model_description_deserializer.cc">
      <Filter>Source Files</Filter>
    </ClCompile>
    <ClCompile Include="src\modeldescription\elementtree\base_unit_filler.cc">
      <Filter>Source Files</Filter>
    </ClCompile>
    <ClCompile Include="src\modeldescription\elementtree\boolean_type_filler.cc">
      <Filter>Source Files</Filter>
    </ClCompile>
    <ClCompile Include="src\modeldescription\elementtree\category_filler.cc">
      <Filter>Source Files</Filter>
    </ClCompile>
    <ClCompile Include="src\modeldescription\elementtree\co_simulation_filler.cc">
      <Filter>Source Files</Filter>
    </ClCompile>
    <ClCompile Include="src\modeldescription\elementtree\default_experiment_filler.cc">
      <Filter>Source Files</Filter>
    </ClCompile>
    <ClCompile Include="src\modeldescription\elementtree\display_unit_filler.cc">
      <Filter>Source Files</Filter>
    </ClCompile>
    <ClCompile Include="src\modeldescription\elementtree\integer_type_filler.cc">
      <Filter>Source Files</Filter>
    </ClCompile>
    <ClCompile Include="src\modeldescription\elementtree\model_description_filler.cc">
      <Filter>Source Files</Filter>
    </ClCompile>
    <ClCompile Include="src\modeldescription\elementtree\model_exchange_filler.cc">
      <Filter>Source Files</Filter>
    </ClCompile>
    <ClCompile Include="src\modeldescription\elementtree\model_structure_filler.cc">
      <Filter>Source Files</Filter>
    </ClCompile>
    <ClCompile Include="src\modeldescription\elementtree\node.cc">
      <Filter>Source Files</Filter>
    </ClCompile>
    <ClCompile Include="src\modeldescription\elementtree\node_filler.cc">
      <Filter>Source Files</Filter>
    </ClCompile>
    <ClCompile Include="src\modeldescription\elementtree\real_type_filler.cc">
      <Filter>Source Files</Filter>
    </ClCompile>
    <ClCompile Include="src\modeldescription\elementtree\scalar_variable_filler.cc">
      <Filter>Source Files</Filter>
    </ClCompile>
    <ClCompile Include="src\modeldescription\elementtree\source_file_filler.cc">
      <Filter>Source Files</Filter>
    </ClCompile>
    <ClCompile Include="src\modeldescription\elementtree\string_type_filler.cc">
      <Filter>Source Files</Filter>
    </ClCompile>
    <ClCompile Include="src\modeldescription\elementtree\tool_filler.cc">
      <Filter>Source Files</Filter>
    </ClCompile>
    <ClCompile Include="src\modeldescription\elementtree\unit_filler.cc">
      <Filter>Source Files</Filter>
    </ClCompile>
    <ClCompile Include="src\modeldescription\elementtree\unknown_filler.cc">
      <Filter>Source Files</Filter>
    </ClCompile>
    <ClCompile Include="src\modeldescription\v2\base_unit.cc">
      <Filter>Source Files</Filter>
    </ClCompile>
    <ClCompile Include="src\modeldescription\v2\boolean_type.cc">
      <Filter>Source Files</Filter>
    </ClCompile>
    <ClCompile Include="src\modeldescription\v2\capabilities.cc">
      <Filter>Source Files</Filter>
    </ClCompile>
    <ClCompile Include="src\modeldescription\v2\category.cc">
      <Filter>Source Files</Filter>
    </ClCompile>
    <ClCompile Include="src\modeldescription\v2\co_simulation.cc">
      <Filter>Source Files</Filter>
    </ClCompile>
    <ClCompile Include="src\modeldescription\v2\default_experiment.cc">
      <Filter>Source Files</Filter>
    </ClCompile>
    <ClCompile Include="src\modeldescription\v2\display_unit.cc">
      <Filter>Source Files</Filter>
    </ClCompile>
    <ClCompile Include="src\modeldescription\v2\integer_type.cc">
      <Filter>Source Files</Filter>
    </ClCompile>
    <ClCompile Include="src\modeldescription\v2\model_description.cc">
      <Filter>Source Files</Filter>
    </ClCompile>
    <ClCompile Include="src\modeldescription\v2\model_exchange.cc">
      <Filter>Source Files</Filter>
    </ClCompile>
    <ClCompile Include="src\modeldescription\v2\model_structure.cc">
      <Filter>Source Files</Filter>
    </ClCompile>
    <ClCompile Include="src\modeldescription\v2\real_type.cc">
      <Filter>Source Files</Filter>
    </ClCompile>
    <ClCompile Include="src\modeldescription\v2\scalar_variable.cc">
      <Filter>Source Files</Filter>
    </ClCompile>
    <ClCompile Include="src\modeldescription\v2\source_file.cc">
      <Filter>Source Files</Filter>
    </ClCompile>
    <ClCompile Include="src\modeldescription\v2\string_type.cc">
      <Filter>Source Files</Filter>
    </ClCompile>
    <ClCompile Include="src\modeldescription\v2\tool.cc">
      <Filter>Source Files</Filter>
    </ClCompile>
    <ClCompile Include="src\modeldescription\v2\unit.cc">
      <Filter>Source Files</Filter>
    </ClCompile>
    <ClCompile Include="src\modeldescription\v2\unknown.cc">
      <Filter>Source Files</Filter>
    </ClCompile>
    <ClCompile Include="test\modeldescription\model_description_deserializer_test.cc">
      <Filter>Source Files</Filter>
    </ClCompile>
    <ClCompile Include="src\modeldescription\elementtree\Node.cpp">
      <Filter>Source Files</Filter>
    </ClCompile>
    <ClCompile Include="src\modeldescription\elementtree\BaseUnitFiller.cpp">
      <Filter>Source Files</Filter>
    </ClCompile>
    <ClCompile Include="src\modeldescription\elementtree\BooleanTypeFiller.cpp">
      <Filter>Source Files</Filter>
    </ClCompile>
    <ClCompile Include="src\modeldescription\elementtree\CategoryFiller.cpp">
      <Filter>Source Files</Filter>
    </ClCompile>
    <ClCompile Include="src\modeldescription\elementtree\CoSimulationFiller.cpp">
      <Filter>Source Files</Filter>
    </ClCompile>
    <ClCompile Include="src\modeldescription\elementtree\DefaultExperimentFiller.cpp">
      <Filter>Source Files</Filter>
    </ClCompile>
    <ClCompile Include="src\modeldescription\elementtree\DisplayUnitFiller.cpp">
      <Filter>Source Files</Filter>
    </ClCompile>
    <ClCompile Include="src\modeldescription\elementtree\IntegerTypeFiller.cpp">
      <Filter>Source Files</Filter>
    </ClCompile>
    <ClCompile Include="src\modeldescription\elementtree\ModelDescriptionFiller.cpp">
      <Filter>Source Files</Filter>
    </ClCompile>
    <ClCompile Include="src\modeldescription\elementtree\ModelExchangeFiller.cpp">
      <Filter>Source Files</Filter>
    </ClCompile>
    <ClCompile Include="src\modeldescription\elementtree\ModelStructureFiller.cpp">
      <Filter>Source Files</Filter>
    </ClCompile>
    <ClCompile Include="src\modeldescription\elementtree\NodeFiller.cpp">
      <Filter>Source Files</Filter>
    </ClCompile>
    <ClCompile Include="src\modeldescription\elementtree\RealTypeFiller.cpp">
      <Filter>Source Files</Filter>
    </ClCompile>
    <ClCompile Include="src\modeldescription\elementtree\ScalarVariableFiller.cpp">
      <Filter>Source Files</Filter>
    </ClCompile>
    <ClCompile Include="src\modeldescription\elementtree\SourceFileFiller.cpp">
      <Filter>Source Files</Filter>
    </ClCompile>
    <ClCompile Include="src\modeldescription\elementtree\StringTypeFiller.cpp">
      <Filter>Source Files</Filter>
    </ClCompile>
    <ClCompile Include="src\modeldescription\elementtree\ToolFiller.cpp">
      <Filter>Source Files</Filter>
    </ClCompile>
    <ClCompile Include="src\modeldescription\elementtree\UnitFiller.cpp">
      <Filter>Source Files</Filter>
    </ClCompile>
    <ClCompile Include="src\modeldescription\elementtree\UnknownFiller.cpp">
      <Filter>Source Files</Filter>
    </ClCompile>
    <ClCompile Include="src\modeldescription\v2\BaseUnit.cpp">
      <Filter>Source Files</Filter>
    </ClCompile>
    <ClCompile Include="src\modeldescription\v2\BooleanType.cpp">
      <Filter>Source Files</Filter>
    </ClCompile>
    <ClCompile Include="src\modeldescription\v2\Capabilities.cpp">
      <Filter>Source Files</Filter>
    </ClCompile>
    <ClCompile Include="src\modeldescription\v2\Category.cpp">
      <Filter>Source Files</Filter>
    </ClCompile>
    <ClCompile Include="src\modeldescription\v2\CoSimulation.cpp">
      <Filter>Source Files</Filter>
    </ClCompile>
    <ClCompile Include="src\modeldescription\v2\DefaultExperiment.cpp">
      <Filter>Source Files</Filter>
    </ClCompile>
    <ClCompile Include="src\modeldescription\v2\DisplayUnit.cpp">
      <Filter>Source Files</Filter>
    </ClCompile>
    <ClCompile Include="src\modeldescription\v2\IntegerType.cpp">
      <Filter>Source Files</Filter>
    </ClCompile>
    <ClCompile Include="src\modeldescription\v2\ModelDescription.cpp">
      <Filter>Source Files</Filter>
    </ClCompile>
    <ClCompile Include="src\modeldescription\v2\ModelExchange.cpp">
      <Filter>Source Files</Filter>
    </ClCompile>
    <ClCompile Include="src\modeldescription\v2\ModelStructure.cpp">
      <Filter>Source Files</Filter>
    </ClCompile>
    <ClCompile Include="src\modeldescription\v2\RealType.cpp">
      <Filter>Source Files</Filter>
    </ClCompile>
    <ClCompile Include="src\modeldescription\v2\ScalarVariable.cpp">
      <Filter>Source Files</Filter>
    </ClCompile>
    <ClCompile Include="src\modeldescription\v2\SourceFile.cpp">
      <Filter>Source Files</Filter>
    </ClCompile>
    <ClCompile Include="src\modeldescription\v2\StringType.cpp">
      <Filter>Source Files</Filter>
    </ClCompile>
    <ClCompile Include="src\modeldescription\v2\Tool.cpp">
      <Filter>Source Files</Filter>
    </ClCompile>
    <ClCompile Include="src\modeldescription\v2\Unit.cpp">
      <Filter>Source Files</Filter>
    </ClCompile>
    <ClCompile Include="src\modeldescription\v2\Unknown.cpp">
      <Filter>Source Files</Filter>
    </ClCompile>
    <ClCompile Include="src\modeldescription\ModelDescriptionDeserializer.cpp">
      <Filter>Source Files</Filter>
    </ClCompile>
    <ClCompile Include="test\modeldescription\ModelDescriptionDeserializerTest.cc">
      <Filter>Source Files</Filter>
    </ClCompile>
    <ClCompile Include="src\kernel\operatingsystem\FmuFile.cpp">
      <Filter>Source Files</Filter>
    </ClCompile>
    <ClCompile Include="src\kernel\operatingsystem\LibarchiveUnzipper.cpp">
      <Filter>Source Files</Filter>
    </ClCompile>
  </ItemGroup>
  <ItemGroup>
    <ClInclude Include="include\libarchive\archive.h">
      <Filter>Header Files</Filter>
    </ClInclude>
    <ClInclude Include="include\libarchive\archive_acl_private.h">
      <Filter>Header Files</Filter>
    </ClInclude>
    <ClInclude Include="include\libarchive\archive_cmdline_private.h">
      <Filter>Header Files</Filter>
    </ClInclude>
    <ClInclude Include="include\libarchive\archive_crc32.h">
      <Filter>Header Files</Filter>
    </ClInclude>
    <ClInclude Include="include\libarchive\archive_cryptor_private.h">
      <Filter>Header Files</Filter>
    </ClInclude>
    <ClInclude Include="include\libarchive\archive_digest_private.h">
      <Filter>Header Files</Filter>
    </ClInclude>
    <ClInclude Include="include\libarchive\archive_endian.h">
      <Filter>Header Files</Filter>
    </ClInclude>
    <ClInclude Include="include\libarchive\archive_entry.h">
      <Filter>Header Files</Filter>
    </ClInclude>
    <ClInclude Include="include\libarchive\archive_entry_locale.h">
      <Filter>Header Files</Filter>
    </ClInclude>
    <ClInclude Include="include\libarchive\archive_entry_private.h">
      <Filter>Header Files</Filter>
    </ClInclude>
    <ClInclude Include="include\libarchive\archive_hmac_private.h">
      <Filter>Header Files</Filter>
    </ClInclude>
    <ClInclude Include="include\libarchive\archive_options_private.h">
      <Filter>Header Files</Filter>
    </ClInclude>
    <ClInclude Include="include\libarchive\archive_pack_dev.h">
      <Filter>Header Files</Filter>
    </ClInclude>
    <ClInclude Include="include\libarchive\archive_pathmatch.h">
      <Filter>Header Files</Filter>
    </ClInclude>
    <ClInclude Include="include\libarchive\archive_platform.h">
      <Filter>Header Files</Filter>
    </ClInclude>
    <ClInclude Include="include\libarchive\archive_ppmd7_private.h">
      <Filter>Header Files</Filter>
    </ClInclude>
    <ClInclude Include="include\libarchive\archive_ppmd_private.h">
      <Filter>Header Files</Filter>
    </ClInclude>
    <ClInclude Include="include\libarchive\archive_private.h">
      <Filter>Header Files</Filter>
    </ClInclude>
    <ClInclude Include="include\libarchive\archive_random_private.h">
      <Filter>Header Files</Filter>
    </ClInclude>
    <ClInclude Include="include\libarchive\archive_rb.h">
      <Filter>Header Files</Filter>
    </ClInclude>
    <ClInclude Include="include\libarchive\archive_read_disk_private.h">
      <Filter>Header Files</Filter>
    </ClInclude>
    <ClInclude Include="include\libarchive\archive_read_private.h">
      <Filter>Header Files</Filter>
    </ClInclude>
    <ClInclude Include="include\libarchive\archive_string.h">
      <Filter>Header Files</Filter>
    </ClInclude>
    <ClInclude Include="include\libarchive\archive_string_composition.h">
      <Filter>Header Files</Filter>
    </ClInclude>
    <ClInclude Include="include\libarchive\archive_windows.h">
      <Filter>Header Files</Filter>
    </ClInclude>
    <ClInclude Include="include\libarchive\archive_write_disk_private.h">
      <Filter>Header Files</Filter>
    </ClInclude>
    <ClInclude Include="include\libarchive\archive_write_private.h">
      <Filter>Header Files</Filter>
    </ClInclude>
    <ClInclude Include="include\libarchive\archive_xxhash.h">
      <Filter>Header Files</Filter>
    </ClInclude>
    <ClInclude Include="include\libarchive\config_freebsd.h">
      <Filter>Header Files</Filter>
    </ClInclude>
    <ClInclude Include="include\libarchive\filter_fork.h">
      <Filter>Header Files</Filter>
    </ClInclude>
    <ClInclude Include="include\libarchive\list.h">
      <Filter>Header Files</Filter>
    </ClInclude>
    <ClInclude Include="include\libarchive\test.h">
      <Filter>Header Files</Filter>
    </ClInclude>
    <ClInclude Include="src\kernel\operatingsystem\fmu_file.h">
      <Filter>Header Files</Filter>
    </ClInclude>
    <ClInclude Include="src\kernel\operatingsystem\libarchive_unzipper.h">
      <Filter>Header Files</Filter>
    </ClInclude>
    <ClInclude Include="src\kernel\operatingsystem\unzipper.h">
      <Filter>Header Files</Filter>
    </ClInclude>
    <ClInclude Include="src\modeldescription\elementtree\base_unit_filler.h">
      <Filter>Header Files</Filter>
    </ClInclude>
    <ClInclude Include="src\modeldescription\elementtree\boolean_type_filler.h">
      <Filter>Header Files</Filter>
    </ClInclude>
    <ClInclude Include="src\modeldescription\elementtree\category_filler.h">
      <Filter>Header Files</Filter>
    </ClInclude>
    <ClInclude Include="src\modeldescription\elementtree\co_simulation_filler.h">
      <Filter>Header Files</Filter>
    </ClInclude>
    <ClInclude Include="src\modeldescription\elementtree\default_experiment_filler.h">
      <Filter>Header Files</Filter>
    </ClInclude>
    <ClInclude Include="src\modeldescription\elementtree\display_unit_filler.h">
      <Filter>Header Files</Filter>
    </ClInclude>
    <ClInclude Include="src\modeldescription\elementtree\element_tree.h">
      <Filter>Header Files</Filter>
    </ClInclude>
    <ClInclude Include="src\modeldescription\elementtree\integer_type_filler.h">
      <Filter>Header Files</Filter>
    </ClInclude>
    <ClInclude Include="src\modeldescription\elementtree\model_description_filler.h">
      <Filter>Header Files</Filter>
    </ClInclude>
    <ClInclude Include="src\modeldescription\elementtree\model_exchange_filler.h">
      <Filter>Header Files</Filter>
    </ClInclude>
    <ClInclude Include="src\modeldescription\elementtree\model_structure_filler.h">
      <Filter>Header Files</Filter>
    </ClInclude>
    <ClInclude Include="src\modeldescription\elementtree\node.h">
      <Filter>Header Files</Filter>
    </ClInclude>
    <ClInclude Include="src\modeldescription\elementtree\node_filler.h">
      <Filter>Header Files</Filter>
    </ClInclude>
    <ClInclude Include="src\modeldescription\elementtree\real_type_filler.h">
      <Filter>Header Files</Filter>
    </ClInclude>
    <ClInclude Include="src\modeldescription\elementtree\scalar_variable_filler.h">
      <Filter>Header Files</Filter>
    </ClInclude>
    <ClInclude Include="src\modeldescription\elementtree\source_file_filler.h">
      <Filter>Header Files</Filter>
    </ClInclude>
    <ClInclude Include="src\modeldescription\elementtree\string_type_filler.h">
      <Filter>Header Files</Filter>
    </ClInclude>
    <ClInclude Include="src\modeldescription\elementtree\tool_filler.h">
      <Filter>Header Files</Filter>
    </ClInclude>
    <ClInclude Include="src\modeldescription\elementtree\unit_filler.h">
      <Filter>Header Files</Filter>
    </ClInclude>
    <ClInclude Include="src\modeldescription\elementtree\unknown_filler.h">
      <Filter>Header Files</Filter>
    </ClInclude>
    <ClInclude Include="src\modeldescription\v2\base_unit.h">
      <Filter>Header Files</Filter>
    </ClInclude>
    <ClInclude Include="src\modeldescription\v2\boolean_type.h">
      <Filter>Header Files</Filter>
    </ClInclude>
    <ClInclude Include="src\modeldescription\v2\capabilities.h">
      <Filter>Header Files</Filter>
    </ClInclude>
    <ClInclude Include="src\modeldescription\v2\category.h">
      <Filter>Header Files</Filter>
    </ClInclude>
    <ClInclude Include="src\modeldescription\v2\co_simulation.h">
      <Filter>Header Files</Filter>
    </ClInclude>
    <ClInclude Include="src\modeldescription\v2\default_experiment.h">
      <Filter>Header Files</Filter>
    </ClInclude>
    <ClInclude Include="src\modeldescription\v2\display_unit.h">
      <Filter>Header Files</Filter>
    </ClInclude>
    <ClInclude Include="src\modeldescription\v2\enumeration_type.h">
      <Filter>Header Files</Filter>
    </ClInclude>
    <ClInclude Include="src\modeldescription\v2\integer_type.h">
      <Filter>Header Files</Filter>
    </ClInclude>
    <ClInclude Include="src\modeldescription\v2\model_description.h">
      <Filter>Header Files</Filter>
    </ClInclude>
    <ClInclude Include="src\modeldescription\v2\model_exchange.h">
      <Filter>Header Files</Filter>
    </ClInclude>
    <ClInclude Include="src\modeldescription\v2\model_structure.h">
      <Filter>Header Files</Filter>
    </ClInclude>
    <ClInclude Include="src\modeldescription\v2\real_type.h">
      <Filter>Header Files</Filter>
    </ClInclude>
    <ClInclude Include="src\modeldescription\v2\scalar_variable.h">
      <Filter>Header Files</Filter>
    </ClInclude>
    <ClInclude Include="src\modeldescription\v2\simple_type.h">
      <Filter>Header Files</Filter>
    </ClInclude>
    <ClInclude Include="src\modeldescription\v2\source_file.h">
      <Filter>Header Files</Filter>
    </ClInclude>
    <ClInclude Include="src\modeldescription\v2\string_type.h">
      <Filter>Header Files</Filter>
    </ClInclude>
    <ClInclude Include="src\modeldescription\v2\tool.h">
      <Filter>Header Files</Filter>
    </ClInclude>
    <ClInclude Include="src\modeldescription\v2\unit.h">
      <Filter>Header Files</Filter>
    </ClInclude>
    <ClInclude Include="src\modeldescription\v2\unknown.h">
      <Filter>Header Files</Filter>
    </ClInclude>
    <ClInclude Include="src\modeldescription\model_description_deserializer.h">
      <Filter>Header Files</Filter>
    </ClInclude>
    <ClInclude Include="src\modeldescription\elementtree\BaseUnitFiller.h">
      <Filter>Header Files</Filter>
    </ClInclude>
    <ClInclude Include="src\modeldescription\elementtree\BooleanTypeFiller.h">
      <Filter>Header Files</Filter>
    </ClInclude>
    <ClInclude Include="src\modeldescription\elementtree\CategoryFiller.h">
      <Filter>Header Files</Filter>
    </ClInclude>
    <ClInclude Include="src\modeldescription\elementtree\CoSimulationFiller.h">
      <Filter>Header Files</Filter>
    </ClInclude>
    <ClInclude Include="src\modeldescription\elementtree\DefaultExperimentFiller.h">
      <Filter>Header Files</Filter>
    </ClInclude>
    <ClInclude Include="src\modeldescription\elementtree\DisplayUnitFiller.h">
      <Filter>Header Files</Filter>
    </ClInclude>
    <ClInclude Include="src\modeldescription\elementtree\IntegerTypeFiller.h">
      <Filter>Header Files</Filter>
    </ClInclude>
    <ClInclude Include="src\modeldescription\elementtree\ModelDescriptionFiller.h">
      <Filter>Header Files</Filter>
    </ClInclude>
    <ClInclude Include="src\modeldescription\elementtree\ModelExchangeFiller.h">
      <Filter>Header Files</Filter>
    </ClInclude>
    <ClInclude Include="src\modeldescription\elementtree\ModelStructureFiller.h">
      <Filter>Header Files</Filter>
    </ClInclude>
    <ClInclude Include="src\modeldescription\elementtree\NodeFiller.h">
      <Filter>Header Files</Filter>
    </ClInclude>
    <ClInclude Include="src\modeldescription\elementtree\RealTypeFiller.h">
      <Filter>Header Files</Filter>
    </ClInclude>
    <ClInclude Include="src\modeldescription\elementtree\ScalarVariableFiller.h">
      <Filter>Header Files</Filter>
    </ClInclude>
    <ClInclude Include="src\modeldescription\elementtree\SourceFileFiller.h">
      <Filter>Header Files</Filter>
    </ClInclude>
    <ClInclude Include="src\modeldescription\elementtree\StringTypeFiller.h">
      <Filter>Header Files</Filter>
    </ClInclude>
    <ClInclude Include="src\modeldescription\elementtree\ToolFiller.h">
      <Filter>Header Files</Filter>
    </ClInclude>
    <ClInclude Include="src\modeldescription\elementtree\UnitFiller.h">
      <Filter>Header Files</Filter>
    </ClInclude>
    <ClInclude Include="src\modeldescription\elementtree\UnknownFiller.h">
      <Filter>Header Files</Filter>
    </ClInclude>
    <ClInclude Include="src\modeldescription\v2\BaseUnit.h">
      <Filter>Header Files</Filter>
    </ClInclude>
    <ClInclude Include="src\modeldescription\v2\BooleanType.h">
      <Filter>Header Files</Filter>
    </ClInclude>
    <ClInclude Include="src\modeldescription\v2\CoSimulation.h">
      <Filter>Header Files</Filter>
    </ClInclude>
    <ClInclude Include="src\modeldescription\v2\DefaultExperiment.h">
      <Filter>Header Files</Filter>
    </ClInclude>
    <ClInclude Include="src\modeldescription\v2\DisplayUnit.h">
      <Filter>Header Files</Filter>
    </ClInclude>
    <ClInclude Include="src\modeldescription\v2\EnumerationType.h">
      <Filter>Header Files</Filter>
    </ClInclude>
    <ClInclude Include="src\modeldescription\v2\IntegerType.h">
      <Filter>Header Files</Filter>
    </ClInclude>
    <ClInclude Include="src\modeldescription\v2\ModelDescription.h">
      <Filter>Header Files</Filter>
    </ClInclude>
    <ClInclude Include="src\modeldescription\v2\ModelExchange.h">
      <Filter>Header Files</Filter>
    </ClInclude>
    <ClInclude Include="src\modeldescription\v2\ModelStructure.h">
      <Filter>Header Files</Filter>
    </ClInclude>
    <ClInclude Include="src\modeldescription\v2\RealType.h">
      <Filter>Header Files</Filter>
    </ClInclude>
    <ClInclude Include="src\modeldescription\v2\ScalarVariable.h">
      <Filter>Header Files</Filter>
    </ClInclude>
    <ClInclude Include="src\modeldescription\v2\SimpleType.h">
      <Filter>Header Files</Filter>
    </ClInclude>
    <ClInclude Include="src\modeldescription\v2\SourceFile.h">
      <Filter>Header Files</Filter>
    </ClInclude>
    <ClInclude Include="src\modeldescription\v2\StringType.h">
      <Filter>Header Files</Filter>
    </ClInclude>
    <ClInclude Include="src\modeldescription\ModelDescriptionDeserializer.h">
      <Filter>Header Files</Filter>
    </ClInclude>
    <ClInclude Include="src\kernel\operatingsystem\BaseUnzipper.h">
      <Filter>Header Files</Filter>
    </ClInclude>
    <ClInclude Include="src\kernel\operatingsystem\FmuFile.h">
      <Filter>Header Files</Filter>
    </ClInclude>
    <ClInclude Include="src\kernel\operatingsystem\LibarchiveUnzipper.h">
      <Filter>Header Files</Filter>
    </ClInclude>
  </ItemGroup>
  <ItemGroup>
    <None Include="src\Makefile" />
    <None Include="README.org" />
    <None Include="test\run_tests.sh" />
    <None Include="test\modeldescription\.gitignore" />
    <None Include="test\modeldescription\Makefile" />
    <None Include="resources\win_32_bouncingBall.fmu" />
    <None Include="lib\libarchive.a" />
    <None Include=".gitignore" />
  </ItemGroup>
  <ItemGroup>
    <Xml Include="resources\bouncing_ball_md.xml" />
    <Xml Include="resources\tank_md.xml" />
  </ItemGroup>
</Project>