<?xml version="1.0" encoding="utf-8"?>
<Project ToolsVersion="4.0" xmlns="http://schemas.microsoft.com/developer/msbuild/2003">
  <ItemGroup>
    <Filter Include="Source Files">
      <UniqueIdentifier>{4FC737F1-C7A5-4376-A066-2A32D752A2FF}</UniqueIdentifier>
      <Extensions>cpp;c;cc;cxx;def;odl;idl;hpj;bat;asm;asmx</Extensions>
    </Filter>
    <Filter Include="Header Files">
      <UniqueIdentifier>{93995380-89BD-4b04-88EB-625FBE52EBFB}</UniqueIdentifier>
      <Extensions>h;hh;hpp;hxx;hm;inl;inc;xsd</Extensions>
    </Filter>
    <Filter Include="Resource Files">
      <UniqueIdentifier>{67DA6AB6-F800-4c08-8B7A-83BB121AAD01}</UniqueIdentifier>
      <Extensions>rc;ico;cur;bmp;dlg;rc2;rct;bin;rgs;gif;jpg;jpeg;jpe;resx;tiff;tif;png;wav</Extensions>
    </Filter>
  </ItemGroup>
  <ItemGroup>
    <ClCompile Include="src\modeldescription\ModelDescriptionDeserializer.cpp">
      <Filter>Source Files</Filter>
    </ClCompile>
    <ClCompile Include="src\modeldescription\elementtree\BaseUnitFiller.cpp">
      <Filter>Source Files</Filter>
    </ClCompile>
    <ClCompile Include="src\modeldescription\elementtree\BooleanTypeFiller.cpp">
      <Filter>Source Files</Filter>
    </ClCompile>
    <ClCompile Include="src\modeldescription\elementtree\CategoryFiller.cpp">
      <Filter>Source Files</Filter>
    </ClCompile>
    <ClCompile Include="src\modeldescription\elementtree\CoSimulationFiller.cpp">
      <Filter>Source Files</Filter>
    </ClCompile>
    <ClCompile Include="src\modeldescription\elementtree\DefaultExperimentFiller.cpp">
      <Filter>Source Files</Filter>
    </ClCompile>
    <ClCompile Include="src\modeldescription\elementtree\DisplayUnitFiller.cpp">
      <Filter>Source Files</Filter>
    </ClCompile>
    <ClCompile Include="src\modeldescription\elementtree\IntegerTypeFiller.cpp">
      <Filter>Source Files</Filter>
    </ClCompile>
    <ClCompile Include="src\modeldescription\elementtree\ModelDescriptionFiller.cpp">
      <Filter>Source Files</Filter>
    </ClCompile>
    <ClCompile Include="src\modeldescription\elementtree\ModelExchangeFiller.cpp">
      <Filter>Source Files</Filter>
    </ClCompile>
    <ClCompile Include="src\modeldescription\elementtree\ModelStructureFiller.cpp">
      <Filter>Source Files</Filter>
    </ClCompile>
    <ClCompile Include="src\modeldescription\elementtree\Node.cpp">
      <Filter>Source Files</Filter>
    </ClCompile>
    <ClCompile Include="src\modeldescription\elementtree\NodeFiller.cpp">
      <Filter>Source Files</Filter>
    </ClCompile>
    <ClCompile Include="src\modeldescription\elementtree\RealTypeFiller.cpp">
      <Filter>Source Files</Filter>
    </ClCompile>
    <ClCompile Include="src\modeldescription\elementtree\ScalarVariableFiller.cpp">
      <Filter>Source Files</Filter>
    </ClCompile>
    <ClCompile Include="src\modeldescription\elementtree\SourceFileFiller.cpp">
      <Filter>Source Files</Filter>
    </ClCompile>
    <ClCompile Include="src\modeldescription\elementtree\StringTypeFiller.cpp">
      <Filter>Source Files</Filter>
    </ClCompile>
    <ClCompile Include="src\modeldescription\elementtree\ToolFiller.cpp">
      <Filter>Source Files</Filter>
    </ClCompile>
    <ClCompile Include="src\modeldescription\elementtree\UnitFiller.cpp">
      <Filter>Source Files</Filter>
    </ClCompile>
    <ClCompile Include="src\modeldescription\elementtree\UnknownFiller.cpp">
      <Filter>Source Files</Filter>
    </ClCompile>
    <ClCompile Include="src\modeldescription\v2\BaseUnit.cpp">
      <Filter>Source Files</Filter>
    </ClCompile>
    <ClCompile Include="src\modeldescription\v2\BooleanType.cpp">
      <Filter>Source Files</Filter>
    </ClCompile>
    <ClCompile Include="src\modeldescription\v2\Capabilities.cpp">
      <Filter>Source Files</Filter>
    </ClCompile>
    <ClCompile Include="src\modeldescription\v2\Category.cpp">
      <Filter>Source Files</Filter>
    </ClCompile>
    <ClCompile Include="src\modeldescription\v2\CoSimulation.cpp">
      <Filter>Source Files</Filter>
    </ClCompile>
    <ClCompile Include="src\modeldescription\v2\DefaultExperiment.cpp">
      <Filter>Source Files</Filter>
    </ClCompile>
    <ClCompile Include="src\modeldescription\v2\DisplayUnit.cpp">
      <Filter>Source Files</Filter>
    </ClCompile>
    <ClCompile Include="src\modeldescription\v2\IntegerType.cpp">
      <Filter>Source Files</Filter>
    </ClCompile>
    <ClCompile Include="src\modeldescription\v2\ModelDescription.cpp">
      <Filter>Source Files</Filter>
    </ClCompile>
    <ClCompile Include="src\modeldescription\v2\ModelExchange.cpp">
      <Filter>Source Files</Filter>
    </ClCompile>
    <ClCompile Include="src\modeldescription\v2\ModelStructure.cpp">
      <Filter>Source Files</Filter>
    </ClCompile>
    <ClCompile Include="src\modeldescription\v2\RealType.cpp">
      <Filter>Source Files</Filter>
    </ClCompile>
    <ClCompile Include="src\modeldescription\v2\ScalarVariable.cpp">
      <Filter>Source Files</Filter>
    </ClCompile>
    <ClCompile Include="src\modeldescription\v2\SourceFile.cpp">
      <Filter>Source Files</Filter>
    </ClCompile>
    <ClCompile Include="src\modeldescription\v2\StringType.cpp">
      <Filter>Source Files</Filter>
    </ClCompile>
    <ClCompile Include="src\modeldescription\v2\Tool.cpp">
      <Filter>Source Files</Filter>
    </ClCompile>
    <ClCompile Include="src\modeldescription\v2\Unit.cpp">
      <Filter>Source Files</Filter>
    </ClCompile>
    <ClCompile Include="src\modeldescription\v2\Unknown.cpp">
      <Filter>Source Files</Filter>
    </ClCompile>
    <ClCompile Include="src\kernel\operatingsystem\SevenZipUnzipper.cpp">
      <Filter>Source Files</Filter>
    </ClCompile>
    <ClCompile Include="test\kernel\operatingsystem\SevenZipUnzipperTest.cpp">
      <Filter>Source Files</Filter>
    </ClCompile>
  </ItemGroup>
  <ItemGroup>
    <ClInclude Include="include\libarchive\archive.h">
      <Filter>Header Files</Filter>
    </ClInclude>
    <ClInclude Include="include\libarchive\archive_acl_private.h">
      <Filter>Header Files</Filter>
    </ClInclude>
    <ClInclude Include="include\libarchive\archive_cmdline_private.h">
      <Filter>Header Files</Filter>
    </ClInclude>
    <ClInclude Include="include\libarchive\archive_crc32.h">
      <Filter>Header Files</Filter>
    </ClInclude>
    <ClInclude Include="include\libarchive\archive_cryptor_private.h">
      <Filter>Header Files</Filter>
    </ClInclude>
    <ClInclude Include="include\libarchive\archive_digest_private.h">
      <Filter>Header Files</Filter>
    </ClInclude>
    <ClInclude Include="include\libarchive\archive_endian.h">
      <Filter>Header Files</Filter>
    </ClInclude>
    <ClInclude Include="include\libarchive\archive_entry.h">
      <Filter>Header Files</Filter>
    </ClInclude>
    <ClInclude Include="include\libarchive\archive_entry_locale.h">
      <Filter>Header Files</Filter>
    </ClInclude>
    <ClInclude Include="include\libarchive\archive_entry_private.h">
      <Filter>Header Files</Filter>
    </ClInclude>
    <ClInclude Include="include\libarchive\archive_hmac_private.h">
      <Filter>Header Files</Filter>
    </ClInclude>
    <ClInclude Include="include\libarchive\archive_options_private.h">
      <Filter>Header Files</Filter>
    </ClInclude>
    <ClInclude Include="include\libarchive\archive_pack_dev.h">
      <Filter>Header Files</Filter>
    </ClInclude>
    <ClInclude Include="include\libarchive\archive_pathmatch.h">
      <Filter>Header Files</Filter>
    </ClInclude>
    <ClInclude Include="include\libarchive\archive_platform.h">
      <Filter>Header Files</Filter>
    </ClInclude>
    <ClInclude Include="include\libarchive\archive_ppmd7_private.h">
      <Filter>Header Files</Filter>
    </ClInclude>
    <ClInclude Include="include\libarchive\archive_ppmd_private.h">
      <Filter>Header Files</Filter>
    </ClInclude>
    <ClInclude Include="include\libarchive\archive_private.h">
      <Filter>Header Files</Filter>
    </ClInclude>
    <ClInclude Include="include\libarchive\archive_random_private.h">
      <Filter>Header Files</Filter>
    </ClInclude>
    <ClInclude Include="include\libarchive\archive_rb.h">
      <Filter>Header Files</Filter>
    </ClInclude>
    <ClInclude Include="include\libarchive\archive_read_disk_private.h">
      <Filter>Header Files</Filter>
    </ClInclude>
    <ClInclude Include="include\libarchive\archive_read_private.h">
      <Filter>Header Files</Filter>
    </ClInclude>
    <ClInclude Include="include\libarchive\archive_string.h">
      <Filter>Header Files</Filter>
    </ClInclude>
    <ClInclude Include="include\libarchive\archive_string_composition.h">
      <Filter>Header Files</Filter>
    </ClInclude>
    <ClInclude Include="include\libarchive\archive_windows.h">
      <Filter>Header Files</Filter>
    </ClInclude>
    <ClInclude Include="include\libarchive\archive_write_disk_private.h">
      <Filter>Header Files</Filter>
    </ClInclude>
    <ClInclude Include="include\libarchive\archive_write_private.h">
      <Filter>Header Files</Filter>
    </ClInclude>
    <ClInclude Include="include\libarchive\archive_xxhash.h">
      <Filter>Header Files</Filter>
    </ClInclude>
    <ClInclude Include="include\libarchive\config_freebsd.h">
      <Filter>Header Files</Filter>
    </ClInclude>
    <ClInclude Include="include\libarchive\filter_fork.h">
      <Filter>Header Files</Filter>
    </ClInclude>
    <ClInclude Include="include\libarchive\list.h">
      <Filter>Header Files</Filter>
    </ClInclude>
    <ClInclude Include="include\libarchive\test.h">
      <Filter>Header Files</Filter>
    </ClInclude>
    <ClInclude Include="src\modeldescription\ModelDescriptionDeserializer.h">
      <Filter>Header Files</Filter>
    </ClInclude>
    <ClInclude Include="src\modeldescription\elementtree\BaseUnitFiller.h">
      <Filter>Header Files</Filter>
    </ClInclude>
    <ClInclude Include="src\modeldescription\elementtree\BooleanTypeFiller.h">
      <Filter>Header Files</Filter>
    </ClInclude>
    <ClInclude Include="src\modeldescription\elementtree\CategoryFiller.h">
      <Filter>Header Files</Filter>
    </ClInclude>
    <ClInclude Include="src\modeldescription\elementtree\CoSimulationFiller.h">
      <Filter>Header Files</Filter>
    </ClInclude>
    <ClInclude Include="src\modeldescription\elementtree\DefaultExperimentFiller.h">
      <Filter>Header Files</Filter>
    </ClInclude>
    <ClInclude Include="src\modeldescription\elementtree\DisplayUnitFiller.h">
      <Filter>Header Files</Filter>
    </ClInclude>
    <ClInclude Include="src\modeldescription\elementtree\IntegerTypeFiller.h">
      <Filter>Header Files</Filter>
    </ClInclude>
    <ClInclude Include="src\modeldescription\elementtree\ModelDescriptionFiller.h">
      <Filter>Header Files</Filter>
    </ClInclude>
    <ClInclude Include="src\modeldescription\elementtree\ModelExchangeFiller.h">
      <Filter>Header Files</Filter>
    </ClInclude>
    <ClInclude Include="src\modeldescription\elementtree\ModelStructureFiller.h">
      <Filter>Header Files</Filter>
    </ClInclude>
    <ClInclude Include="src\modeldescription\elementtree\Node.h">
      <Filter>Header Files</Filter>
    </ClInclude>
    <ClInclude Include="src\modeldescription\elementtree\NodeFiller.h">
      <Filter>Header Files</Filter>
    </ClInclude>
    <ClInclude Include="src\modeldescription\elementtree\RealTypeFiller.h">
      <Filter>Header Files</Filter>
    </ClInclude>
    <ClInclude Include="src\modeldescription\elementtree\ScalarVariableFiller.h">
      <Filter>Header Files</Filter>
    </ClInclude>
    <ClInclude Include="src\modeldescription\elementtree\SourceFileFiller.h">
      <Filter>Header Files</Filter>
    </ClInclude>
    <ClInclude Include="src\modeldescription\elementtree\StringTypeFiller.h">
      <Filter>Header Files</Filter>
    </ClInclude>
    <ClInclude Include="src\modeldescription\elementtree\ToolFiller.h">
      <Filter>Header Files</Filter>
    </ClInclude>
    <ClInclude Include="src\modeldescription\elementtree\UnitFiller.h">
      <Filter>Header Files</Filter>
    </ClInclude>
    <ClInclude Include="src\modeldescription\elementtree\UnknownFiller.h">
      <Filter>Header Files</Filter>
    </ClInclude>
    <ClInclude Include="src\modeldescription\v2\BaseUnit.h">
      <Filter>Header Files</Filter>
    </ClInclude>
    <ClInclude Include="src\modeldescription\v2\BooleanType.h">
      <Filter>Header Files</Filter>
    </ClInclude>
    <ClInclude Include="src\modeldescription\v2\Capabilities.h">
      <Filter>Header Files</Filter>
    </ClInclude>
    <ClInclude Include="src\modeldescription\v2\Category.h">
      <Filter>Header Files</Filter>
    </ClInclude>
    <ClInclude Include="src\modeldescription\v2\CoSimulation.h">
      <Filter>Header Files</Filter>
    </ClInclude>
    <ClInclude Include="src\modeldescription\v2\DefaultExperiment.h">
      <Filter>Header Files</Filter>
    </ClInclude>
    <ClInclude Include="src\modeldescription\v2\DisplayUnit.h">
      <Filter>Header Files</Filter>
    </ClInclude>
    <ClInclude Include="src\modeldescription\v2\EnumerationType.h">
      <Filter>Header Files</Filter>
    </ClInclude>
    <ClInclude Include="src\modeldescription\v2\IntegerType.h">
      <Filter>Header Files</Filter>
    </ClInclude>
    <ClInclude Include="src\modeldescription\v2\ModelDescription.h">
      <Filter>Header Files</Filter>
    </ClInclude>
    <ClInclude Include="src\modeldescription\v2\ModelExchange.h">
      <Filter>Header Files</Filter>
    </ClInclude>
    <ClInclude Include="src\modeldescription\v2\ModelStructure.h">
      <Filter>Header Files</Filter>
    </ClInclude>
    <ClInclude Include="src\modeldescription\v2\RealType.h">
      <Filter>Header Files</Filter>
    </ClInclude>
    <ClInclude Include="src\modeldescription\v2\ScalarVariable.h">
      <Filter>Header Files</Filter>
    </ClInclude>
    <ClInclude Include="src\modeldescription\v2\SimpleType.h">
      <Filter>Header Files</Filter>
    </ClInclude>
    <ClInclude Include="src\modeldescription\v2\SourceFile.h">
      <Filter>Header Files</Filter>
    </ClInclude>
    <ClInclude Include="src\modeldescription\v2\StringType.h">
      <Filter>Header Files</Filter>
    </ClInclude>
    <ClInclude Include="src\modeldescription\v2\Tool.h">
      <Filter>Header Files</Filter>
    </ClInclude>
    <ClInclude Include="src\modeldescription\v2\Unit.h">
      <Filter>Header Files</Filter>
    </ClInclude>
    <ClInclude Include="src\modeldescription\v2\Unknown.h">
      <Filter>Header Files</Filter>
    </ClInclude>
    <ClInclude Include="src\kernel\operatingsystem\SevenZipUnzipper.h">
      <Filter>Header Files</Filter>
    </ClInclude>
  </ItemGroup>
  <ItemGroup>
    <None Include=".gitignore" />
    <None Include="README.org" />
    <None Include="resources\win_32_bouncingBall.fmu" />
    <None Include="lib\libarchive-2.dll" />
    <None Include="lib\libarchive2.dll" />
  </ItemGroup>
  <ItemGroup>
    <Xml Include="resources\bouncing_ball_md.xml" />
    <Xml Include="resources\tank_md.xml" />
  </ItemGroup>
</Project>